
Microsoft Visual Studio Solution File, Format Version 12.00
# Visual Studio 15
VisualStudioVersion = 15.0.28306.52
MinimumVisualStudioVersion = 10.0.40219.1
Project("{FAE04EC0-301F-11D3-BF4B-00C04F79EFBC}") = "WebApplication2", "WebApplication2\WebApplication2.csproj", "{A0F5747D-DBD6-40A0-8873-15DA9C566EF1}"
EndProject
Global
	GlobalSection(SolutionConfigurationPlatforms) = preSolution
		Debug|Any CPU = Debug|Any CPU
		Release|Any CPU = Release|Any CPU
	EndGlobalSection
	GlobalSection(ProjectConfigurationPlatforms) = postSolution
		{A0F5747D-DBD6-40A0-8873-15DA9C566EF1}.Debug|Any CPU.ActiveCfg = Debug|Any CPU
		{A0F5747D-DBD6-40A0-8873-15DA9C566EF1}.Debug|Any CPU.Build.0 = Debug|Any CPU
		{A0F5747D-DBD6-40A0-8873-15DA9C566EF1}.Release|Any CPU.ActiveCfg = Release|Any CPU
		{A0F5747D-DBD6-40A0-8873-15DA9C566EF1}.Release|Any CPU.Build.0 = Release|Any CPU
	EndGlobalSection
	GlobalSection(SolutionProperties) = preSolution
		HideSolutionNode = FALSE
	EndGlobalSection
	GlobalSection(ExtensibilityGlobals) = postSolution
		SolutionGuid = {AB265C42-A59D-4BB8-8CD5-26BAF96B8011}
	EndGlobalSection
EndGlobal
